// !$*UTF8*$!
{
	archiveVersion = 1;
	classes = {
	};
	objectVersion = 46;
	objects = {

/* Begin PBXBuildFile section */
		97E9FE8A0FB18F38C41EFE47 /* Pods_GithubStar.framework in Frameworks */ = {isa = PBXBuildFile; fileRef = 0596DD0F229A0F620AEE6C46 /* Pods_GithubStar.framework */; };
		AB1D3B1D1E211DAB0062DE51 /* TimeLineViewController.swift in Sources */ = {isa = PBXBuildFile; fileRef = AB1D3B1C1E211DAB0062DE51 /* TimeLineViewController.swift */; };
		ABAD982C1E1A509A005058F7 /* TabBarViewController.swift in Sources */ = {isa = PBXBuildFile; fileRef = ABAD982B1E1A509A005058F7 /* TabBarViewController.swift */; };
		ABDA1BF51C4730890026A3AC /* AppDelegate.swift in Sources */ = {isa = PBXBuildFile; fileRef = ABDA1BF41C4730890026A3AC /* AppDelegate.swift */; };
		ABDA1BFC1C4730890026A3AC /* Assets.xcassets in Resources */ = {isa = PBXBuildFile; fileRef = ABDA1BFB1C4730890026A3AC /* Assets.xcassets */; };
		ABDA1BFF1C4730890026A3AC /* LaunchScreen.storyboard in Resources */ = {isa = PBXBuildFile; fileRef = ABDA1BFD1C4730890026A3AC /* LaunchScreen.storyboard */; };
/* End PBXBuildFile section */

/* Begin PBXFileReference section */
		0596DD0F229A0F620AEE6C46 /* Pods_GithubStar.framework */ = {isa = PBXFileReference; explicitFileType = wrapper.framework; includeInIndex = 0; path = Pods_GithubStar.framework; sourceTree = BUILT_PRODUCTS_DIR; };
		AB1D3B1C1E211DAB0062DE51 /* TimeLineViewController.swift */ = {isa = PBXFileReference; fileEncoding = 4; lastKnownFileType = sourcecode.swift; path = TimeLineViewController.swift; sourceTree = "<group>"; };
		AB7B21B31CE6161B00B1C75A /* GithubStar-Bridging-Header.h */ = {isa = PBXFileReference; lastKnownFileType = sourcecode.c.h; path = "GithubStar-Bridging-Header.h"; sourceTree = "<group>"; };
		ABAD982B1E1A509A005058F7 /* TabBarViewController.swift */ = {isa = PBXFileReference; fileEncoding = 4; lastKnownFileType = sourcecode.swift; path = TabBarViewController.swift; sourceTree = "<group>"; };
		ABDA1BF11C4730890026A3AC /* GithubStar.app */ = {isa = PBXFileReference; explicitFileType = wrapper.application; includeInIndex = 0; path = GithubStar.app; sourceTree = BUILT_PRODUCTS_DIR; };
		ABDA1BF41C4730890026A3AC /* AppDelegate.swift */ = {isa = PBXFileReference; lastKnownFileType = sourcecode.swift; path = AppDelegate.swift; sourceTree = "<group>"; };
		ABDA1BFB1C4730890026A3AC /* Assets.xcassets */ = {isa = PBXFileReference; lastKnownFileType = folder.assetcatalog; path = Assets.xcassets; sourceTree = "<group>"; };
		ABDA1BFE1C4730890026A3AC /* Base */ = {isa = PBXFileReference; lastKnownFileType = file.storyboard; name = Base; path = Base.lproj/LaunchScreen.storyboard; sourceTree = "<group>"; };
		ABDA1C001C4730890026A3AC /* Info.plist */ = {isa = PBXFileReference; lastKnownFileType = text.plist.xml; path = Info.plist; sourceTree = "<group>"; };
		DF56BD8FBCC39430530A498B /* Pods-GithubStar.release.xcconfig */ = {isa = PBXFileReference; includeInIndex = 1; lastKnownFileType = text.xcconfig; name = "Pods-GithubStar.release.xcconfig"; path = "Pods/Target Support Files/Pods-GithubStar/Pods-GithubStar.release.xcconfig"; sourceTree = "<group>"; };
		E044A06E857CB3425416E3EE /* Pods-GithubStar.debug.xcconfig */ = {isa = PBXFileReference; includeInIndex = 1; lastKnownFileType = text.xcconfig; name = "Pods-GithubStar.debug.xcconfig"; path = "Pods/Target Support Files/Pods-GithubStar/Pods-GithubStar.debug.xcconfig"; sourceTree = "<group>"; };
/* End PBXFileReference section */

/* Begin PBXFrameworksBuildPhase section */
		ABDA1BEE1C4730890026A3AC /* Frameworks */ = {
			isa = PBXFrameworksBuildPhase;
			buildActionMask = 2147483647;
			files = (
				97E9FE8A0FB18F38C41EFE47 /* Pods_GithubStar.framework in Frameworks */,
			);
			runOnlyForDeploymentPostprocessing = 0;
		};
/* End PBXFrameworksBuildPhase section */

/* Begin PBXGroup section */
		8D020AD5F2A6361278B587ED /* Frameworks */ = {
			isa = PBXGroup;
			children = (
				0596DD0F229A0F620AEE6C46 /* Pods_GithubStar.framework */,
			);
			name = Frameworks;
			sourceTree = "<group>";
		};
		AB8AC2261CD18FB300430187 /* Info */ = {
			isa = PBXGroup;
			children = (
				ABDA1BF41C4730890026A3AC /* AppDelegate.swift */,
				AB7B21B31CE6161B00B1C75A /* GithubStar-Bridging-Header.h */,
				ABDA1BFB1C4730890026A3AC /* Assets.xcassets */,
				ABDA1BFD1C4730890026A3AC /* LaunchScreen.storyboard */,
				ABDA1C001C4730890026A3AC /* Info.plist */,
			);
			name = Info;
			sourceTree = "<group>";
		};
		ABAD982A1E1A507A005058F7 /* ViewController */ = {
			isa = PBXGroup;
			children = (
				ABAD982B1E1A509A005058F7 /* TabBarViewController.swift */,
				AB1D3B1C1E211DAB0062DE51 /* TimeLineViewController.swift */,
			);
			name = ViewController;
			sourceTree = "<group>";
		};
		ABDA1BE81C4730890026A3AC = {
			isa = PBXGroup;
			children = (
				ABDA1BF31C4730890026A3AC /* GithubStar */,
				ABDA1BF21C4730890026A3AC /* Products */,
				C6B50A9D6D8C6AE16F2A0838 /* Pods */,
				8D020AD5F2A6361278B587ED /* Frameworks */,
			);
			sourceTree = "<group>";
		};
		ABDA1BF21C4730890026A3AC /* Products */ = {
			isa = PBXGroup;
			children = (
				ABDA1BF11C4730890026A3AC /* GithubStar.app */,
			);
			name = Products;
			sourceTree = "<group>";
		};
		ABDA1BF31C4730890026A3AC /* GithubStar */ = {
			isa = PBXGroup;
			children = (
				ABAD982A1E1A507A005058F7 /* ViewController */,
				AB8AC2261CD18FB300430187 /* Info */,
			);
			path = GithubStar;
			sourceTree = "<group>";
		};
		C6B50A9D6D8C6AE16F2A0838 /* Pods */ = {
			isa = PBXGroup;
			children = (
				E044A06E857CB3425416E3EE /* Pods-GithubStar.debug.xcconfig */,
				DF56BD8FBCC39430530A498B /* Pods-GithubStar.release.xcconfig */,
			);
			name = Pods;
			sourceTree = "<group>";
		};
/* End PBXGroup section */

/* Begin PBXNativeTarget section */
		ABDA1BF01C4730890026A3AC /* GithubStar */ = {
			isa = PBXNativeTarget;
			buildConfigurationList = ABDA1C031C4730890026A3AC /* Build configuration list for PBXNativeTarget "GithubStar" */;
			buildPhases = (
				5B87A5A506B13F2E107D5170 /* [CP] Check Pods Manifest.lock */,
				ABDA1BED1C4730890026A3AC /* Sources */,
				ABDA1BEE1C4730890026A3AC /* Frameworks */,
				ABDA1BEF1C4730890026A3AC /* Resources */,
				D17E5836B3FEA9E4F1B5270E /* [CP] Embed Pods Frameworks */,
				E5265B206C97879670DAE5C9 /* [CP] Copy Pods Resources */,
			);
			buildRules = (
			);
			dependencies = (
			);
			name = GithubStar;
			productName = GithubStar;
			productReference = ABDA1BF11C4730890026A3AC /* GithubStar.app */;
			productType = "com.apple.product-type.application";
		};
/* End PBXNativeTarget section */

/* Begin PBXProject section */
		ABDA1BE91C4730890026A3AC /* Project object */ = {
			isa = PBXProject;
			attributes = {
				KnownAssetTags = (
					New,
				);
				LastSwiftUpdateCheck = 0730;
				LastUpgradeCheck = 0820;
				ORGANIZATIONNAME = xiaolei;
				TargetAttributes = {
					ABDA1BF01C4730890026A3AC = {
						CreatedOnToolsVersion = 7.3;
						DevelopmentTeam = 3HX94AXZ2B;
						LastSwiftMigration = 0800;
					};
				};
			};
			buildConfigurationList = ABDA1BEC1C4730890026A3AC /* Build configuration list for PBXProject "GithubStar" */;
			compatibilityVersion = "Xcode 3.2";
			developmentRegion = English;
			hasScannedForEncodings = 0;
			knownRegions = (
				en,
				Base,
			);
			mainGroup = ABDA1BE81C4730890026A3AC;
			productRefGroup = ABDA1BF21C4730890026A3AC /* Products */;
			projectDirPath = "";
			projectRoot = "";
			targets = (
				ABDA1BF01C4730890026A3AC /* GithubStar */,
			);
		};
/* End PBXProject section */

/* Begin PBXResourcesBuildPhase section */
		ABDA1BEF1C4730890026A3AC /* Resources */ = {
			isa = PBXResourcesBuildPhase;
			buildActionMask = 2147483647;
			files = (
				ABDA1BFF1C4730890026A3AC /* LaunchScreen.storyboard in Resources */,
				ABDA1BFC1C4730890026A3AC /* Assets.xcassets in Resources */,
			);
			runOnlyForDeploymentPostprocessing = 0;
		};
/* End PBXResourcesBuildPhase section */

/* Begin PBXShellScriptBuildPhase section */
		5B87A5A506B13F2E107D5170 /* [CP] Check Pods Manifest.lock */ = {
			isa = PBXShellScriptBuildPhase;
			buildActionMask = 2147483647;
			files = (
			);
			inputPaths = (
			);
			name = "[CP] Check Pods Manifest.lock";
			outputPaths = (
			);
			runOnlyForDeploymentPostprocessing = 0;
			shellPath = /bin/sh;
			shellScript = "diff \"${PODS_ROOT}/../Podfile.lock\" \"${PODS_ROOT}/Manifest.lock\" > /dev/null\nif [ $? != 0 ] ; then\n    # print error to STDERR\n    echo \"error: The sandbox is not in sync with the Podfile.lock. Run 'pod install' or update your CocoaPods installation.\" >&2\n    exit 1\nfi\n";
			showEnvVarsInLog = 0;
		};
		D17E5836B3FEA9E4F1B5270E /* [CP] Embed Pods Frameworks */ = {
			isa = PBXShellScriptBuildPhase;
			buildActionMask = 2147483647;
			files = (
			);
			inputPaths = (
			);
			name = "[CP] Embed Pods Frameworks";
			outputPaths = (
			);
			runOnlyForDeploymentPostprocessing = 0;
			shellPath = /bin/sh;
			shellScript = "\"${SRCROOT}/Pods/Target Support Files/Pods-GithubStar/Pods-GithubStar-frameworks.sh\"\n";
			showEnvVarsInLog = 0;
		};
		E5265B206C97879670DAE5C9 /* [CP] Copy Pods Resources */ = {
			isa = PBXShellScriptBuildPhase;
			buildActionMask = 2147483647;
			files = (
			);
			inputPaths = (
			);
			name = "[CP] Copy Pods Resources";
			outputPaths = (
			);
			runOnlyForDeploymentPostprocessing = 0;
			shellPath = /bin/sh;
			shellScript = "\"${SRCROOT}/Pods/Target Support Files/Pods-GithubStar/Pods-GithubStar-resources.sh\"\n";
			showEnvVarsInLog = 0;
		};
/* End PBXShellScriptBuildPhase section */

/* Begin PBXSourcesBuildPhase section */
		ABDA1BED1C4730890026A3AC /* Sources */ = {
			isa = PBXSourcesBuildPhase;
			buildActionMask = 2147483647;
			files = (
				ABAD982C1E1A509A005058F7 /* TabBarViewController.swift in Sources */,
				ABDA1BF51C4730890026A3AC /* AppDelegate.swift in Sources */,
				AB1D3B1D1E211DAB0062DE51 /* TimeLineViewController.swift in Sources */,
			);
			runOnlyForDeploymentPostprocessing = 0;
		};
/* End PBXSourcesBuildPhase section */

/* Begin PBXVariantGroup section */
		ABDA1BFD1C4730890026A3AC /* LaunchScreen.storyboard */ = {
			isa = PBXVariantGroup;
			children = (
				ABDA1BFE1C4730890026A3AC /* Base */,
			);
			name = LaunchScreen.storyboard;
			sourceTree = "<group>";
		};
/* End PBXVariantGroup section */

/* Begin XCBuildConfiguration section */
		ABDA1C011C4730890026A3AC /* Debug */ = {
			isa = XCBuildConfiguration;
			buildSettings = {
				ALWAYS_SEARCH_USER_PATHS = NO;
				CLANG_CXX_LANGUAGE_STANDARD = "gnu++0x";
				CLANG_CXX_LIBRARY = "libc++";
				CLANG_ENABLE_MODULES = YES;
				CLANG_ENABLE_OBJC_ARC = YES;
				CLANG_WARN_BOOL_CONVERSION = YES;
				CLANG_WARN_CONSTANT_CONVERSION = YES;
				CLANG_WARN_DIRECT_OBJC_ISA_USAGE = YES_ERROR;
				CLANG_WARN_EMPTY_BODY = YES;
				CLANG_WARN_ENUM_CONVERSION = YES;
				CLANG_WARN_INFINITE_RECURSION = YES;
				CLANG_WARN_INT_CONVERSION = YES;
				CLANG_WARN_OBJC_ROOT_CLASS = YES_ERROR;
				CLANG_WARN_SUSPICIOUS_MOVE = YES;
				CLANG_WARN_UNREACHABLE_CODE = YES;
				CLANG_WARN__DUPLICATE_METHOD_MATCH = YES;
				"CODE_SIGN_IDENTITY[sdk=iphoneos*]" = "iPhone Developer";
				COPY_PHASE_STRIP = NO;
				DEBUG_INFORMATION_FORMAT = dwarf;
				ENABLE_STRICT_OBJC_MSGSEND = YES;
				ENABLE_TESTABILITY = YES;
				GCC_C_LANGUAGE_STANDARD = gnu99;
				GCC_DYNAMIC_NO_PIC = NO;
				GCC_NO_COMMON_BLOCKS = YES;
				GCC_OPTIMIZATION_LEVEL = 0;
				GCC_PREPROCESSOR_DEFINITIONS = (
					"DEBUG=1",
					"$(inherited)",
				);
				GCC_WARN_64_TO_32_BIT_CONVERSION = YES;
				GCC_WARN_ABOUT_RETURN_TYPE = YES_ERROR;
				GCC_WARN_UNDECLARED_SELECTOR = YES;
				GCC_WARN_UNINITIALIZED_AUTOS = YES_AGGRESSIVE;
				GCC_WARN_UNUSED_FUNCTION = YES;
				GCC_WARN_UNUSED_VARIABLE = YES;
				IPHONEOS_DEPLOYMENT_TARGET = 9.3;
				MTL_ENABLE_DEBUG_INFO = YES;
				ONLY_ACTIVE_ARCH = YES;
				SDKROOT = iphoneos;
				SWIFT_OPTIMIZATION_LEVEL = "-Onone";
			};
			name = Debug;
		};
		ABDA1C021C4730890026A3AC /* Release */ = {
			isa = XCBuildConfiguration;
			buildSettings = {
				ALWAYS_SEARCH_USER_PATHS = NO;
				CLANG_CXX_LANGUAGE_STANDARD = "gnu++0x";
				CLANG_CXX_LIBRARY = "libc++";
				CLANG_ENABLE_MODULES = YES;
				CLANG_ENABLE_OBJC_ARC = YES;
				CLANG_WARN_BOOL_CONVERSION = YES;
				CLANG_WARN_CONSTANT_CONVERSION = YES;
				CLANG_WARN_DIRECT_OBJC_ISA_USAGE = YES_ERROR;
				CLANG_WARN_EMPTY_BODY = YES;
				CLANG_WARN_ENUM_CONVERSION = YES;
				CLANG_WARN_INFINITE_RECURSION = YES;
				CLANG_WARN_INT_CONVERSION = YES;
				CLANG_WARN_OBJC_ROOT_CLASS = YES_ERROR;
				CLANG_WARN_SUSPICIOUS_MOVE = YES;
				CLANG_WARN_UNREACHABLE_CODE = YES;
				CLANG_WARN__DUPLICATE_METHOD_MATCH = YES;
				"CODE_SIGN_IDENTITY[sdk=iphoneos*]" = "iPhone Developer";
				COPY_PHASE_STRIP = NO;
				DEBUG_INFORMATION_FORMAT = "dwarf-with-dsym";
				ENABLE_NS_ASSERTIONS = NO;
				ENABLE_STRICT_OBJC_MSGSEND = YES;
				GCC_C_LANGUAGE_STANDARD = gnu99;
				GCC_NO_COMMON_BLOCKS = YES;
				GCC_WARN_64_TO_32_BIT_CONVERSION = YES;
				GCC_WARN_ABOUT_RETURN_TYPE = YES_ERROR;
				GCC_WARN_UNDECLARED_SELECTOR = YES;
				GCC_WARN_UNINITIALIZED_AUTOS = YES_AGGRESSIVE;
				GCC_WARN_UNUSED_FUNCTION = YES;
				GCC_WARN_UNUSED_VARIABLE = YES;
				IPHONEOS_DEPLOYMENT_TARGET = 9.3;
				MTL_ENABLE_DEBUG_INFO = NO;
				SDKROOT = iphoneos;
				SWIFT_OPTIMIZATION_LEVEL = "-Owholemodule";
				VALIDATE_PRODUCT = YES;
			};
			name = Release;
		};
		ABDA1C041C4730890026A3AC /* Debug */ = {
			isa = XCBuildConfiguration;
			baseConfigurationReference = E044A06E857CB3425416E3EE /* Pods-GithubStar.debug.xcconfig */;
			buildSettings = {
				ALWAYS_EMBED_SWIFT_STANDARD_LIBRARIES = YES;
				ASSETCATALOG_COMPILER_APPICON_NAME = AppIcon;
				CLANG_ENABLE_MODULES = YES;
				CODE_SIGN_IDENTITY = "iPhone Developer";
				DEVELOPMENT_TEAM = 3HX94AXZ2B;
				FRAMEWORK_SEARCH_PATHS = (
					"$(SRCROOT)/Carthage/Build/iOS",
					"$(PROJECT_DIR)/Carthage/Build/iOS",
					"$(PROJECT_DIR)/GithubStar",
					"$(PROJECT_DIR)",
					"$(inherited)",
				);
				HEADER_SEARCH_PATHS = (
					"$(SDKROOT)/usr/include/libxml2",
					"$(inherited)",
				);
				INFOPLIST_FILE = GithubStar/Info.plist;
				IPHONEOS_DEPLOYMENT_TARGET = 9.0;
				LD_RUNPATH_SEARCH_PATHS = "$(inherited) @executable_path/Frameworks";
				LIBRARY_SEARCH_PATHS = (
					"$(inherited)",
					"$(PROJECT_DIR)/GithubStar",
				);
				PRODUCT_BUNDLE_IDENTIFIER = net.dowhile.GitStar;
				PRODUCT_NAME = "$(TARGET_NAME)";
				SWIFT_OBJC_BRIDGING_HEADER = "GithubStar/GithubStar-Bridging-Header.h";
				SWIFT_OPTIMIZATION_LEVEL = "-Onone";
				SWIFT_VERSION = 3.0;
			};
			name = Debug;
		};
		ABDA1C051C4730890026A3AC /* Release */ = {
			isa = XCBuildConfiguration;
			baseConfigurationReference = DF56BD8FBCC39430530A498B /* Pods-GithubStar.release.xcconfig */;
			buildSettings = {
				ALWAYS_EMBED_SWIFT_STANDARD_LIBRARIES = YES;
				ASSETCATALOG_COMPILER_APPICON_NAME = AppIcon;
				CLANG_ENABLE_MODULES = YES;
				CODE_SIGN_IDENTITY = "iPhone Developer";
				DEVELOPMENT_TEAM = 3HX94AXZ2B;
				FRAMEWORK_SEARCH_PATHS = (
					"$(SRCROOT)/Carthage/Build/iOS",
					"$(PROJECT_DIR)/Carthage/Build/iOS",
					"$(PROJECT_DIR)/GithubStar",
					"$(PROJECT_DIR)",
					"$(inherited)",
				);
				HEADER_SEARCH_PATHS = (
					"$(SDKROOT)/usr/include/libxml2",
					"$(inherited)",
				);
				INFOPLIST_FILE = GithubStar/Info.plist;
				IPHONEOS_DEPLOYMENT_TARGET = 9.0;
				LD_RUNPATH_SEARCH_PATHS = "$(inherited) @executable_path/Frameworks";
				LIBRARY_SEARCH_PATHS = (
					"$(inherited)",
					"$(PROJECT_DIR)/GithubStar",
				);
				MTL_ENABLE_DEBUG_INFO = YES;
				PRODUCT_BUNDLE_IDENTIFIER = net.dowhile.GitStar;
				PRODUCT_NAME = "$(TARGET_NAME)";
				SWIFT_OBJC_BRIDGING_HEADER = "GithubStar/GithubStar-Bridging-Header.h";
				SWIFT_VERSION = 3.0;
			};
			name = Release;
		};
/* End XCBuildConfiguration section */

/* Begin XCConfigurationList section */
		ABDA1BEC1C4730890026A3AC /* Build configuration list for PBXProject "GithubStar" */ = {
			isa = XCConfigurationList;
			buildConfigurations = (
				ABDA1C011C4730890026A3AC /* Debug */,
				ABDA1C021C4730890026A3AC /* Release */,
			);
			defaultConfigurationIsVisible = 0;
			defaultConfigurationName = Release;
		};
		ABDA1C031C4730890026A3AC /* Build configuration list for PBXNativeTarget "GithubStar" */ = {
			isa = XCConfigurationList;
			buildConfigurations = (
				ABDA1C041C4730890026A3AC /* Debug */,
				ABDA1C051C4730890026A3AC /* Release */,
			);
			defaultConfigurationIsVisible = 0;
			defaultConfigurationName = Release;
		};
/* End XCConfigurationList section */
	};
	rootObject = ABDA1BE91C4730890026A3AC /* Project object */;
}
