PODS:
  - Fuzi (0.3.1)
  - JSQMessagesViewController (7.3.4):
    - JSQSystemSoundPlayer (~> 2.0.1)
  - JSQSystemSoundPlayer (2.0.1)
  - SnapKit (0.40.0.beta4)

DEPENDENCIES:
  - Fuzi (from `https://github.com/cezheng/Fuzi.git`, branch `swift-3`)
  - JSQMessagesViewController
  - SnapKit (from `https://github.com/SnapKit/SnapKit.git`, branch `feature/0.40.0`)

EXTERNAL SOURCES:
  Fuzi:
    :branch: swift-3
    :git: https://github.com/cezheng/Fuzi.git
  SnapKit:
    :branch: feature/0.40.0
    :git: https://github.com/SnapKit/SnapKit.git

CHECKOUT OPTIONS:
  Fuzi:
    :commit: 03c2934cb2453c24cd2d15e6c0ac6981dde14ad3
    :git: https://github.com/cezheng/Fuzi.git
  SnapKit:
    :commit: 2e4cebf41d8bd0833487381590ed90c38b9a2491
    :git: https://github.com/SnapKit/SnapKit.git

SPEC CHECKSUMS:
  Fuzi: 25118b725a1637f1676f63ae1acbba1f30a5dd6c
  JSQMessagesViewController: 39fed975e3c9f8eba7292071e29eeb541d105e66
  JSQSystemSoundPlayer: c5850e77a4363ffd374cd851154b9af93264ed8d
  SnapKit: 2eb32fcdca2206e611ef40d2650fe19b7469c91b

PODFILE CHECKSUM: bb6f60e42c778b65e77bf543cf10de4a167dab98

COCOAPODS: 1.1.0.beta.1
